
Microsoft Visual Studio Solution File, Format Version 12.00
# Visual Studio 15
VisualStudioVersion = 15.0.28307.1062
MinimumVisualStudioVersion = 10.0.40219.1
Project("{FAE04EC0-301F-11D3-BF4B-00C04F79EFBC}") = "TH1", "TH1\TH1.csproj", "{AFC88BD6-48FA-4A79-B03D-1463FB03DAE7}"
EndProject
Global
	GlobalSection(SolutionConfigurationPlatforms) = preSolution
		Debug|Any CPU = Debug|Any CPU
		Release|Any CPU = Release|Any CPU
	EndGlobalSection
	GlobalSection(ProjectConfigurationPlatforms) = postSolution
		{AFC88BD6-48FA-4A79-B03D-1463FB03DAE7}.Debug|Any CPU.ActiveCfg = Debug|Any CPU
		{AFC88BD6-48FA-4A79-B03D-1463FB03DAE7}.Debug|Any CPU.Build.0 = Debug|Any CPU
		{AFC88BD6-48FA-4A79-B03D-1463FB03DAE7}.Release|Any CPU.ActiveCfg = Release|Any CPU
		{AFC88BD6-48FA-4A79-B03D-1463FB03DAE7}.Release|Any CPU.Build.0 = Release|Any CPU
	EndGlobalSection
	GlobalSection(SolutionProperties) = preSolution
		HideSolutionNode = FALSE
	EndGlobalSection
	GlobalSection(ExtensibilityGlobals) = postSolution
		SolutionGuid = {C368FBC2-07EA-4EFC-B3E1-4D4667F2446A}
	EndGlobalSection
EndGlobal
